// !$*UTF8*$!
{
	archiveVersion = 1;
	classes = {
	};
	objectVersion = 48;
	objects = {

/* Begin PBXBuildFile section */
		BEEF0E511FBA7B030077D469 /* AppDelegate.swift in Sources */ = {isa = PBXBuildFile; fileRef = BEEF0E501FBA7B030077D469 /* AppDelegate.swift */; };
		BEEF0E531FBA7B030077D469 /* ViewController.swift in Sources */ = {isa = PBXBuildFile; fileRef = BEEF0E521FBA7B030077D469 /* ViewController.swift */; };
		BEEF0E561FBA7B030077D469 /* Main.storyboard in Resources */ = {isa = PBXBuildFile; fileRef = BEEF0E541FBA7B030077D469 /* Main.storyboard */; };
		BEEF0E581FBA7B030077D469 /* Assets.xcassets in Resources */ = {isa = PBXBuildFile; fileRef = BEEF0E571FBA7B030077D469 /* Assets.xcassets */; };
		BEEF0E5B1FBA7B030077D469 /* LaunchScreen.storyboard in Resources */ = {isa = PBXBuildFile; fileRef = BEEF0E591FBA7B030077D469 /* LaunchScreen.storyboard */; };
/* End PBXBuildFile section */

/* Begin PBXFileReference section */
		BEEF0E4D1FBA7B030077D469 /* PageViewControllerSandbox.app */ = {isa = PBXFileReference; explicitFileType = wrapper.application; includeInIndex = 0; path = PageViewControllerSandbox.app; sourceTree = BUILT_PRODUCTS_DIR; };
		BEEF0E501FBA7B030077D469 /* AppDelegate.swift */ = {isa = PBXFileReference; lastKnownFileType = sourcecode.swift; path = AppDelegate.swift; sourceTree = "<group>"; };
		BEEF0E521FBA7B030077D469 /* ViewController.swift */ = {isa = PBXFileReference; lastKnownFileType = sourcecode.swift; path = ViewController.swift; sourceTree = "<group>"; };
		BEEF0E551FBA7B030077D469 /* Base */ = {isa = PBXFileReference; lastKnownFileType = file.storyboard; name = Base; path = Base.lproj/Main.storyboard; sourceTree = "<group>"; };
		BEEF0E571FBA7B030077D469 /* Assets.xcassets */ = {isa = PBXFileReference; lastKnownFileType = folder.assetcatalog; path = Assets.xcassets; sourceTree = "<group>"; };
		BEEF0E5A1FBA7B030077D469 /* Base */ = {isa = PBXFileReference; lastKnownFileType = file.storyboard; name = Base; path = Base.lproj/LaunchScreen.storyboard; sourceTree = "<group>"; };
		BEEF0E5C1FBA7B030077D469 /* Info.plist */ = {isa = PBXFileReference; lastKnownFileType = text.plist.xml; path = Info.plist; sourceTree = "<group>"; };
/* End PBXFileReference section */

/* Begin PBXFrameworksBuildPhase section */
		BEEF0E4A1FBA7B030077D469 /* Frameworks */ = {
			isa = PBXFrameworksBuildPhase;
			buildActionMask = 2147483647;
			files = (
			);
			runOnlyForDeploymentPostprocessing = 0;
		};
/* End PBXFrameworksBuildPhase section */

/* Begin PBXGroup section */
		BEEF0E441FBA7B030077D469 = {
			isa = PBXGroup;
			children = (
				BEEF0E4F1FBA7B030077D469 /* PageViewControllerSandbox */,
				BEEF0E4E1FBA7B030077D469 /* Products */,
			);
			sourceTree = "<group>";
		};
		BEEF0E4E1FBA7B030077D469 /* Products */ = {
			isa = PBXGroup;
			children = (
				BEEF0E4D1FBA7B030077D469 /* PageViewControllerSandbox.app */,
			);
			name = Products;
			sourceTree = "<group>";
		};
		BEEF0E4F1FBA7B030077D469 /* PageViewControllerSandbox */ = {
			isa = PBXGroup;
			children = (
				BEEF0E501FBA7B030077D469 /* AppDelegate.swift */,
				BEEF0E521FBA7B030077D469 /* ViewController.swift */,
				BEEF0E541FBA7B030077D469 /* Main.storyboard */,
				BEEF0E571FBA7B030077D469 /* Assets.xcassets */,
				BEEF0E591FBA7B030077D469 /* LaunchScreen.storyboard */,
				BEEF0E5C1FBA7B030077D469 /* Info.plist */,
			);
			path = PageViewControllerSandbox;
			sourceTree = "<group>";
		};
/* End PBXGroup section */

/* Begin PBXNativeTarget section */
		BEEF0E4C1FBA7B030077D469 /* PageViewControllerSandbox */ = {
			isa = PBXNativeTarget;
			buildConfigurationList = BEEF0E5F1FBA7B030077D469 /* Build configuration list for PBXNativeTarget "PageViewControllerSandbox" */;
			buildPhases = (
				BEEF0E491FBA7B030077D469 /* Sources */,
				BEEF0E4A1FBA7B030077D469 /* Frameworks */,
				BEEF0E4B1FBA7B030077D469 /* Resources */,
			);
			buildRules = (
			);
			dependencies = (
			);
			name = PageViewControllerSandbox;
			productName = PageViewControllerSandbox;
			productReference = BEEF0E4D1FBA7B030077D469 /* PageViewControllerSandbox.app */;
			productType = "com.apple.product-type.application";
		};
/* End PBXNativeTarget section */

/* Begin PBXProject section */
		BEEF0E451FBA7B030077D469 /* Project object */ = {
			isa = PBXProject;
			attributes = {
				LastSwiftUpdateCheck = 0910;
				LastUpgradeCheck = 0910;
				ORGANIZATIONNAME = kenta.enomoto;
				TargetAttributes = {
					BEEF0E4C1FBA7B030077D469 = {
						CreatedOnToolsVersion = 9.1;
						ProvisioningStyle = Automatic;
					};
				};
			};
			buildConfigurationList = BEEF0E481FBA7B030077D469 /* Build configuration list for PBXProject "PageViewControllerSandbox" */;
			compatibilityVersion = "Xcode 8.0";
			developmentRegion = en;
			hasScannedForEncodings = 0;
			knownRegions = (
				en,
				Base,
			);
			mainGroup = BEEF0E441FBA7B030077D469;
			productRefGroup = BEEF0E4E1FBA7B030077D469 /* Products */;
			projectDirPath = "";
			projectRoot = "";
			targets = (
				BEEF0E4C1FBA7B030077D469 /* PageViewControllerSandbox */,
			);
		};
/* End PBXProject section */

/* Begin PBXResourcesBuildPhase section */
		BEEF0E4B1FBA7B030077D469 /* Resources */ = {
			isa = PBXResourcesBuildPhase;
			buildActionMask = 2147483647;
			files = (
				BEEF0E5B1FBA7B030077D469 /* LaunchScreen.storyboard in Resources */,
				BEEF0E581FBA7B030077D469 /* Assets.xcassets in Resources */,
				BEEF0E561FBA7B030077D469 /* Main.storyboard in Resources */,
			);
			runOnlyForDeploymentPostprocessing = 0;
		};
/* End PBXResourcesBuildPhase section */

/* Begin PBXSourcesBuildPhase section */
		BEEF0E491FBA7B030077D469 /* Sources */ = {
			isa = PBXSourcesBuildPhase;
			buildActionMask = 2147483647;
			files = (
				BEEF0E531FBA7B030077D469 /* ViewController.swift in Sources */,
				BEEF0E511FBA7B030077D469 /* AppDelegate.swift in Sources */,
			);
			runOnlyForDeploymentPostprocessing = 0;
		};
/* End PBXSourcesBuildPhase section */

/* Begin PBXVariantGroup section */
		BEEF0E541FBA7B030077D469 /* Main.storyboard */ = {
			isa = PBXVariantGroup;
			children = (
				BEEF0E551FBA7B030077D469 /* Base */,
			);
			name = Main.storyboard;
			sourceTree = "<group>";
		};
		BEEF0E591FBA7B030077D469 /* LaunchScreen.storyboard */ = {
			isa = PBXVariantGroup;
			children = (
				BEEF0E5A1FBA7B030077D469 /* Base */,
			);
			name = LaunchScreen.storyboard;
			sourceTree = "<group>";
		};
/* End PBXVariantGroup section */

/* Begin XCBuildConfiguration section */
		BEEF0E5D1FBA7B030077D469 /* Debug */ = {
			isa = XCBuildConfiguration;
			buildSettings = {
				ALWAYS_SEARCH_USER_PATHS = NO;
				CLANG_ANALYZER_NONNULL = YES;
				CLANG_ANALYZER_NUMBER_OBJECT_CONVERSION = YES_AGGRESSIVE;
				CLANG_CXX_LANGUAGE_STANDARD = "gnu++14";
				CLANG_CXX_LIBRARY = "libc++";
				CLANG_ENABLE_MODULES = YES;
				CLANG_ENABLE_OBJC_ARC = YES;
				CLANG_WARN_BLOCK_CAPTURE_AUTORELEASING = YES;
				CLANG_WARN_BOOL_CONVERSION = YES;
				CLANG_WARN_COMMA = YES;
				CLANG_WARN_CONSTANT_CONVERSION = YES;
				CLANG_WARN_DIRECT_OBJC_ISA_USAGE = YES_ERROR;
				CLANG_WARN_DOCUMENTATION_COMMENTS = YES;
				CLANG_WARN_EMPTY_BODY = YES;
				CLANG_WARN_ENUM_CONVERSION = YES;
				CLANG_WARN_INFINITE_RECURSION = YES;
				CLANG_WARN_INT_CONVERSION = YES;
				CLANG_WARN_NON_LITERAL_NULL_CONVERSION = YES;
				CLANG_WARN_OBJC_LITERAL_CONVERSION = YES;
				CLANG_WARN_OBJC_ROOT_CLASS = YES_ERROR;
				CLANG_WARN_RANGE_LOOP_ANALYSIS = YES;
				CLANG_WARN_STRICT_PROTOTYPES = YES;
				CLANG_WARN_SUSPICIOUS_MOVE = YES;
				CLANG_WARN_UNGUARDED_AVAILABILITY = YES_AGGRESSIVE;
				CLANG_WARN_UNREACHABLE_CODE = YES;
				CLANG_WARN__DUPLICATE_METHOD_MATCH = YES;
				CODE_SIGN_IDENTITY = "iPhone Developer";
				COPY_PHASE_STRIP = NO;
				DEBUG_INFORMATION_FORMAT = dwarf;
				ENABLE_STRICT_OBJC_MSGSEND = YES;
				ENABLE_TESTABILITY = YES;
				GCC_C_LANGUAGE_STANDARD = gnu11;
				GCC_DYNAMIC_NO_PIC = NO;
				GCC_NO_COMMON_BLOCKS = YES;
				GCC_OPTIMIZATION_LEVEL = 0;
				GCC_PREPROCESSOR_DEFINITIONS = (
					"DEBUG=1",
					"$(inherited)",
				);
				GCC_WARN_64_TO_32_BIT_CONVERSION = YES;
				GCC_WARN_ABOUT_RETURN_TYPE = YES_ERROR;
				GCC_WARN_UNDECLARED_SELECTOR = YES;
				GCC_WARN_UNINITIALIZED_AUTOS = YES_AGGRESSIVE;
				GCC_WARN_UNUSED_FUNCTION = YES;
				GCC_WARN_UNUSED_VARIABLE = YES;
				IPHONEOS_DEPLOYMENT_TARGET = 11.1;
				MTL_ENABLE_DEBUG_INFO = YES;
				ONLY_ACTIVE_ARCH = YES;
				SDKROOT = iphoneos;
				SWIFT_ACTIVE_COMPILATION_CONDITIONS = DEBUG;
				SWIFT_OPTIMIZATION_LEVEL = "-Onone";
			};
			name = Debug;
		};
		BEEF0E5E1FBA7B030077D469 /* Release */ = {
			isa = XCBuildConfiguration;
			buildSettings = {
				ALWAYS_SEARCH_USER_PATHS = NO;
				CLANG_ANALYZER_NONNULL = YES;
				CLANG_ANALYZER_NUMBER_OBJECT_CONVERSION = YES_AGGRESSIVE;
				CLANG_CXX_LANGUAGE_STANDARD = "gnu++14";
				CLANG_CXX_LIBRARY = "libc++";
				CLANG_ENABLE_MODULES = YES;
				CLANG_ENABLE_OBJC_ARC = YES;
				CLANG_WARN_BLOCK_CAPTURE_AUTORELEASING = YES;
				CLANG_WARN_BOOL_CONVERSION = YES;
				CLANG_WARN_COMMA = YES;
				CLANG_WARN_CONSTANT_CONVERSION = YES;
				CLANG_WARN_DIRECT_OBJC_ISA_USAGE = YES_ERROR;
				CLANG_WARN_DOCUMENTATION_COMMENTS = YES;
				CLANG_WARN_EMPTY_BODY = YES;
				CLANG_WARN_ENUM_CONVERSION = YES;
				CLANG_WARN_INFINITE_RECURSION = YES;
				CLANG_WARN_INT_CONVERSION = YES;
				CLANG_WARN_NON_LITERAL_NULL_CONVERSION = YES;
				CLANG_WARN_OBJC_LITERAL_CONVERSION = YES;
				CLANG_WARN_OBJC_ROOT_CLASS = YES_ERROR;
				CLANG_WARN_RANGE_LOOP_ANALYSIS = YES;
				CLANG_WARN_STRICT_PROTOTYPES = YES;
				CLANG_WARN_SUSPICIOUS_MOVE = YES;
				CLANG_WARN_UNGUARDED_AVAILABILITY = YES_AGGRESSIVE;
				CLANG_WARN_UNREACHABLE_CODE = YES;
				CLANG_WARN__DUPLICATE_METHOD_MATCH = YES;
				CODE_SIGN_IDENTITY = "iPhone Developer";
				COPY_PHASE_STRIP = NO;
				DEBUG_INFORMATION_FORMAT = "dwarf-with-dsym";
				ENABLE_NS_ASSERTIONS = NO;
				ENABLE_STRICT_OBJC_MSGSEND = YES;
				GCC_C_LANGUAGE_STANDARD = gnu11;
				GCC_NO_COMMON_BLOCKS = YES;
				GCC_WARN_64_TO_32_BIT_CONVERSION = YES;
				GCC_WARN_ABOUT_RETURN_TYPE = YES_ERROR;
				GCC_WARN_UNDECLARED_SELECTOR = YES;
				GCC_WARN_UNINITIALIZED_AUTOS = YES_AGGRESSIVE;
				GCC_WARN_UNUSED_FUNCTION = YES;
				GCC_WARN_UNUSED_VARIABLE = YES;
				IPHONEOS_DEPLOYMENT_TARGET = 11.1;
				MTL_ENABLE_DEBUG_INFO = NO;
				SDKROOT = iphoneos;
				SWIFT_OPTIMIZATION_LEVEL = "-Owholemodule";
				VALIDATE_PRODUCT = YES;
			};
			name = Release;
		};
		BEEF0E601FBA7B030077D469 /* Debug */ = {
			isa = XCBuildConfiguration;
			buildSettings = {
				ASSETCATALOG_COMPILER_APPICON_NAME = AppIcon;
				CODE_SIGN_STYLE = Automatic;
				DEVELOPMENT_TEAM = VH2MYDJUBM;
				INFOPLIST_FILE = PageViewControllerSandbox/Info.plist;
				LD_RUNPATH_SEARCH_PATHS = "$(inherited) @executable_path/Frameworks";
				PRODUCT_BUNDLE_IDENTIFIER = jp.kenta.enomoto.PageViewControllerSandbox;
				PRODUCT_NAME = "$(TARGET_NAME)";
				SWIFT_VERSION = 4.0;
				TARGETED_DEVICE_FAMILY = "1,2";
			};
			name = Debug;
		};
		BEEF0E611FBA7B030077D469 /* Release */ = {
			isa = XCBuildConfiguration;
			buildSettings = {
				ASSETCATALOG_COMPILER_APPICON_NAME = AppIcon;
				CODE_SIGN_STYLE = Automatic;
				DEVELOPMENT_TEAM = VH2MYDJUBM;
				INFOPLIST_FILE = PageViewControllerSandbox/Info.plist;
				LD_RUNPATH_SEARCH_PATHS = "$(inherited) @executable_path/Frameworks";
				PRODUCT_BUNDLE_IDENTIFIER = jp.kenta.enomoto.PageViewControllerSandbox;
				PRODUCT_NAME = "$(TARGET_NAME)";
				SWIFT_VERSION = 4.0;
				TARGETED_DEVICE_FAMILY = "1,2";
			};
			name = Release;
		};
/* End XCBuildConfiguration section */

/* Begin XCConfigurationList section */
		BEEF0E481FBA7B030077D469 /* Build configuration list for PBXProject "PageViewControllerSandbox" */ = {
			isa = XCConfigurationList;
			buildConfigurations = (
				BEEF0E5D1FBA7B030077D469 /* Debug */,
				BEEF0E5E1FBA7B030077D469 /* Release */,
			);
			defaultConfigurationIsVisible = 0;
			defaultConfigurationName = Release;
		};
		BEEF0E5F1FBA7B030077D469 /* Build configuration list for PBXNativeTarget "PageViewControllerSandbox" */ = {
			isa = XCConfigurationList;
			buildConfigurations = (
				BEEF0E601FBA7B030077D469 /* Debug */,
				BEEF0E611FBA7B030077D469 /* Release */,
			);
			defaultConfigurationIsVisible = 0;
			defaultConfigurationName = Release;
		};
/* End XCConfigurationList section */
	};
	rootObject = BEEF0E451FBA7B030077D469 /* Project object */;
}
